Microsoft Visual Studio Solution File, Format Version 12.00
# Visual Studio Version 17
VisualStudioVersion = 17.5.2.0
MinimumVisualStudioVersion = 10.0.40219.1
Project("{FAE04EC0-301F-11D3-BF4B-00C04F79EFBC}") = "InfoPlantation", "InfoPlantation.csproj", "{00ABA041-AC99-D60D-7C62-1FB847C0162C}"
EndProject
Global
	GlobalSection(SolutionConfigurationPlatforms) = preSolution
		Debug|Any CPU = Debug|Any CPU
		Release|Any CPU = Release|Any CPU
	EndGlobalSection
	GlobalSection(ProjectConfigurationPlatforms) = postSolution
		{00ABA041-AC99-D60D-7C62-1FB847C0162C}.Debug|Any CPU.ActiveCfg = Debug|Any CPU
		{00ABA041-AC99-D60D-7C62-1FB847C0162C}.Debug|Any CPU.Build.0 = Debug|Any CPU
		{00ABA041-AC99-D60D-7C62-1FB847C0162C}.Release|Any CPU.ActiveCfg = Release|Any CPU
		{00ABA041-AC99-D60D-7C62-1FB847C0162C}.Release|Any CPU.Build.0 = Release|Any CPU
	EndGlobalSection
	GlobalSection(SolutionProperties) = preSolution
		HideSolutionNode = FALSE
	EndGlobalSection
	GlobalSection(ExtensibilityGlobals) = postSolution
		SolutionGuid = {46D9DCC3-3333-4FC2-89D2-4936DA08B70A}
	EndGlobalSection
EndGlobal
